#
# This file is autogenerated by pip-compile with Python 3.11
# by the following command:
#
#    pip-compile --allow-unsafe --constraint=requirements.lock --no-index --output-file=requirements-macos.lock --strip-extras requirements.txt
#
aiofile==3.11.1
    # via
    #   -c requirements.lock
    #   py-key-value-aio
annotated-doc==0.0.4
    # via
    #   -c requirements.lock
    #   fastapi
    #   typer
annotated-types==0.7.0
    # via
    #   -c requirements.lock
    #   pydantic
anyio==4.13.0
    # via
    #   -c requirements.lock
    #   httpx
    #   mcp
    #   openai
    #   py-key-value-aio
    #   sse-starlette
    #   starlette
    #   watchfiles
ast-serialize==0.5.0
    # via
    #   -c requirements.lock
    #   mypy
attrs==26.1.0
    # via
    #   -c requirements.lock
    #   cyclopts
    #   jsonschema
    #   jsonschema-path
    #   referencing
authlib==1.7.2
    # via
    #   -c requirements.lock
    #   fastmcp-slim
backports-tarfile==1.2.0
    # via
    #   -c requirements.lock
    #   jaraco-context
bandit==1.9.4
    # via
    #   -c requirements.lock
    #   -r requirements.txt
beartype==0.22.9
    # via
    #   -c requirements.lock
    #   py-key-value-aio
beautifulsoup4==4.15.0
    # via
    #   -c requirements.lock
    #   -r requirements.txt
boolean-py==5.0
    # via
    #   -c requirements.lock
    #   license-expression
cachecontrol==0.14.4
    # via
    #   -c requirements.lock
    #   cachecontrol
    #   pip-audit
cachetools==7.1.4
    # via
    #   -c requirements.lock
    #   py-key-value-aio
caio==0.9.25
    # via
    #   -c requirements.lock
    #   aiofile
certifi==2026.5.20
    # via
    #   -c requirements.lock
    #   httpcore
    #   httpx
    #   requests
cffi==2.0.0
    # via
    #   -c requirements.lock
    #   cryptography
charset-normalizer==3.4.7
    # via
    #   -c requirements.lock
    #   requests
click==8.4.1
    # via
    #   -c requirements.lock
    #   huggingface-hub
    #   typer
    #   uvicorn
coverage==7.14.1
    # via
    #   -c requirements.lock
    #   pytest-cov
cryptography==50.0.0
    # via
    #   -c requirements.lock
    #   -r requirements.txt
    #   authlib
    #   joserfc
    #   pyjwt
cyclonedx-python-lib==11.7.0
    # via
    #   -c requirements.lock
    #   pip-audit
cyclopts==4.16.1
    # via
    #   -c requirements.lock
    #   fastmcp-slim
defusedxml==0.7.1
    # via
    #   -c requirements.lock
    #   py-serializable
distro==1.9.0
    # via
    #   -c requirements.lock
    #   openai
dnspython==2.8.0
    # via
    #   -c requirements.lock
    #   email-validator
docstring-parser==0.18.0
    # via
    #   -c requirements.lock
    #   cyclopts
email-validator==2.3.0
    # via
    #   -c requirements.lock
    #   pydantic
et-xmlfile==2.0.0
    # via
    #   -c requirements.lock
    #   openpyxl
exceptiongroup==1.3.1
    # via
    #   -c requirements.lock
    #   fastmcp-slim
fastapi==0.141.1
    # via
    #   -c requirements.lock
    #   -r requirements.txt
fastmcp==3.4.5
    # via
    #   -c requirements.lock
    #   -r requirements.txt
fastmcp-slim==3.4.5
    # via
    #   -c requirements.lock
    #   fastmcp
filelock==3.29.0
    # via
    #   -c requirements.lock
    #   cachecontrol
    #   huggingface-hub
    #   torch
fsspec==2026.4.0
    # via
    #   -c requirements.lock
    #   huggingface-hub
    #   torch
griffelib==2.0.2
    # via
    #   -c requirements.lock
    #   fastmcp-slim
h11==0.16.0
    # via
    #   -c requirements.lock
    #   httpcore
    #   uvicorn
hf-xet==1.5.1
    # via
    #   -c requirements.lock
    #   huggingface-hub
httpcore==1.0.9
    # via
    #   -c requirements.lock
    #   httpx
httpx==0.28.1
    # via
    #   -c requirements.lock
    #   -r requirements.txt
    #   fastmcp-slim
    #   huggingface-hub
    #   mcp
    #   ollama
    #   openai
httpx-sse==0.4.3
    # via
    #   -c requirements.lock
    #   mcp
huggingface-hub==1.19.0
    # via
    #   -c requirements.lock
    #   sentence-transformers
    #   tokenizers
    #   transformers
idna==3.16
    # via
    #   -c requirements.lock
    #   anyio
    #   email-validator
    #   httpx
    #   requests
importlib-metadata==9.0.0
    # via
    #   -c requirements.lock
    #   keyring
iniconfig==2.3.0
    # via
    #   -c requirements.lock
    #   pytest
jaraco-classes==3.4.0
    # via
    #   -c requirements.lock
    #   keyring
jaraco-context==6.1.2
    # via
    #   -c requirements.lock
    #   keyring
jaraco-functools==4.5.0
    # via
    #   -c requirements.lock
    #   keyring
jinja2==3.1.6
    # via
    #   -c requirements.lock
    #   torch
jiter==0.15.0
    # via
    #   -c requirements.lock
    #   openai
joblib==1.5.3
    # via
    #   -c requirements.lock
    #   scikit-learn
joserfc==1.6.8
    # via
    #   -c requirements.lock
    #   authlib
    #   fastmcp-slim
jsonref==1.1.0
    # via
    #   -c requirements.lock
    #   fastmcp-slim
jsonschema==4.26.0
    # via
    #   -c requirements.lock
    #   -r requirements.txt
    #   mcp
jsonschema-path==0.5.0
    # via
    #   -c requirements.lock
    #   fastmcp-slim
jsonschema-specifications==2025.9.1
    # via
    #   -c requirements.lock
    #   jsonschema
keyring==25.7.0
    # via
    #   -c requirements.lock
    #   py-key-value-aio
librt==0.11.0
    # via
    #   -c requirements.lock
    #   mypy
license-expression==30.4.4
    # via
    #   -c requirements.lock
    #   cyclonedx-python-lib
loguru==0.7.3
    # via
    #   -c requirements.lock
    #   -r requirements.txt
markdown-it-py==4.2.0
    # via
    #   -c requirements.lock
    #   rich
markupsafe==3.0.3
    # via
    #   -c requirements.lock
    #   jinja2
mcp==1.28.1
    # via
    #   -c requirements.lock
    #   -r requirements.txt
    #   fastmcp-slim
mdurl==0.1.2
    # via
    #   -c requirements.lock
    #   markdown-it-py
more-itertools==11.1.0
    # via
    #   -c requirements.lock
    #   jaraco-classes
    #   jaraco-functools
mpmath==1.3.0
    # via
    #   -c requirements.lock
    #   sympy
msgpack==1.2.1
    # via
    #   -c requirements.lock
    #   cachecontrol
mypy==2.1.0
    # via
    #   -c requirements.lock
    #   -r requirements.txt
mypy-extensions==1.1.0
    # via
    #   -c requirements.lock
    #   mypy
narwhals==2.22.1
    # via
    #   -c requirements.lock
    #   scikit-learn
networkx==3.6.1
    # via
    #   -c requirements.lock
    #   torch
numpy==2.4.6
    # via
    #   -c requirements.lock
    #   scikit-learn
    #   scipy
    #   sentence-transformers
    #   transformers
ollama==0.6.2
    # via
    #   -c requirements.lock
    #   -r requirements.txt
openai==2.53.0
    # via
    #   -c requirements.lock
    #   -r requirements.txt
openapi-pydantic==0.5.1
    # via
    #   -c requirements.lock
    #   fastmcp-slim
openpyxl==3.1.5
    # via
    #   -c requirements.lock
    #   -r requirements.txt
opentelemetry-api==1.42.1
    # via
    #   -c requirements.lock
    #   fastmcp-slim
packageurl-python==0.17.6
    # via
    #   -c requirements.lock
    #   cyclonedx-python-lib
packaging==26.2
    # via
    #   -c requirements.lock
    #   fastmcp-slim
    #   huggingface-hub
    #   pip-audit
    #   pip-requirements-parser
    #   pytest
    #   transformers
pathable==0.6.0
    # via
    #   -c requirements.lock
    #   jsonschema-path
pathspec==1.1.1
    # via
    #   -c requirements.lock
    #   mypy
pip-api==0.0.34
    # via
    #   -c requirements.lock
    #   pip-audit
pip-audit==2.10.1
    # via
    #   -c requirements.lock
    #   -r requirements.txt
pip-requirements-parser==32.0.1
    # via
    #   -c requirements.lock
    #   pip-audit
platformdirs==4.9.6
    # via
    #   -c requirements.lock
    #   fastmcp-slim
    #   pip-audit
pluggy==1.6.0
    # via
    #   -c requirements.lock
    #   pytest
    #   pytest-cov
prometheus-client==0.25.0
    # via
    #   -c requirements.lock
    #   -r requirements.txt
prompt-toolkit==3.0.52
    # via
    #   -c requirements.lock
    #   -r requirements.txt
py-key-value-aio==0.4.5
    # via
    #   -c requirements.lock
    #   fastmcp-slim
py-serializable==2.1.0
    # via
    #   -c requirements.lock
    #   cyclonedx-python-lib
pycparser==3.0
    # via
    #   -c requirements.lock
    #   cffi
pydantic==2.13.4
    # via
    #   -c requirements.lock
    #   fastapi
    #   fastmcp-slim
    #   mcp
    #   ollama
    #   openai
    #   openapi-pydantic
    #   pydantic-settings
pydantic-core==2.46.4
    # via
    #   -c requirements.lock
    #   pydantic
pydantic-settings==2.14.2
    # via
    #   -c requirements.lock
    #   fastmcp-slim
    #   mcp
pygments==2.20.0
    # via
    #   -c requirements.lock
    #   pytest
    #   rich
    #   rich-rst
pyjwt==2.13.0
    # via
    #   -c requirements.lock
    #   mcp
pyparsing==3.3.2
    # via
    #   -c requirements.lock
    #   pip-requirements-parser
pyperclip==1.11.0
    # via
    #   -c requirements.lock
    #   fastmcp-slim
pytest==9.1.1
    # via
    #   -c requirements.lock
    #   -r requirements.txt
    #   pytest-asyncio
    #   pytest-cov
pytest-asyncio==1.4.0
    # via
    #   -c requirements.lock
    #   -r requirements.txt
pytest-cov==7.1.0
    # via
    #   -c requirements.lock
    #   -r requirements.txt
python-dotenv==1.2.2
    # via
    #   -c requirements.lock
    #   -r requirements.txt
    #   fastmcp-slim
    #   pydantic-settings
python-multipart==0.0.32
    # via
    #   -c requirements.lock
    #   -r requirements.txt
    #   fastmcp-slim
    #   mcp
pyyaml==6.0.3
    # via
    #   -c requirements.lock
    #   bandit
    #   fastmcp-slim
    #   huggingface-hub
    #   jsonschema-path
    #   transformers
referencing==0.37.0
    # via
    #   -c requirements.lock
    #   jsonschema
    #   jsonschema-path
    #   jsonschema-specifications
regex==2026.5.9
    # via
    #   -c requirements.lock
    #   transformers
requests==2.34.2
    # via
    #   -c requirements.lock
    #   -r requirements.txt
    #   cachecontrol
    #   pip-audit
rich==15.0.0
    # via
    #   -c requirements.lock
    #   -r requirements.txt
    #   bandit
    #   cyclopts
    #   fastmcp-slim
    #   pip-audit
    #   rich-rst
    #   typer
rich-rst==2.0.1
    # via
    #   -c requirements.lock
    #   cyclopts
rpds-py==0.30.0
    # via
    #   -c requirements.lock
    #   jsonschema
    #   referencing
ruff==0.16.1
    # via
    #   -c requirements.lock
    #   -r requirements.txt
safetensors==0.8.0
    # via
    #   -c requirements.lock
    #   transformers
scikit-learn==1.9.0
    # via
    #   -c requirements.lock
    #   sentence-transformers
scipy==1.17.1
    # via
    #   -c requirements.lock
    #   scikit-learn
    #   sentence-transformers
sentence-transformers==5.5.1
    # via
    #   -c requirements.lock
    #   -r requirements.txt
shellingham==1.5.4
    # via
    #   -c requirements.lock
    #   typer
sniffio==1.3.1
    # via
    #   -c requirements.lock
    #   openai
sortedcontainers==2.4.0
    # via
    #   -c requirements.lock
    #   cyclonedx-python-lib
soupsieve==2.8.4
    # via
    #   -c requirements.lock
    #   beautifulsoup4
sqlite-vec==0.1.9
    # via
    #   -c requirements.lock
    #   -r requirements.txt
sse-starlette==3.4.4
    # via
    #   -c requirements.lock
    #   mcp
starlette==1.3.1
    # via
    #   -c requirements.lock
    #   -r requirements.txt
    #   fastapi
    #   fastmcp-slim
    #   mcp
    #   sse-starlette
stevedore==5.8.0
    # via
    #   -c requirements.lock
    #   bandit
sympy==1.14.0
    # via
    #   -c requirements.lock
    #   torch
threadpoolctl==3.6.0
    # via
    #   -c requirements.lock
    #   scikit-learn
tokenizers==0.22.2
    # via
    #   -c requirements.lock
    #   transformers
tomli==2.4.1
    # via
    #   -c requirements.lock
    #   pip-audit
tomli-w==1.2.0
    # via
    #   -c requirements.lock
    #   pip-audit
torch==2.13.0
    # via
    #   -c requirements.lock
    #   sentence-transformers
tqdm==4.67.3
    # via
    #   -c requirements.lock
    #   huggingface-hub
    #   openai
    #   sentence-transformers
    #   transformers
transformers==5.12.0
    # via
    #   -c requirements.lock
    #   sentence-transformers
tree-sitter==0.26.0
    # via
    #   -c requirements.lock
    #   -r requirements.txt
tree-sitter-javascript==0.25.0
    # via
    #   -c requirements.lock
    #   -r requirements.txt
tree-sitter-python==0.25.0
    # via
    #   -c requirements.lock
    #   -r requirements.txt
tree-sitter-typescript==0.23.2
    # via
    #   -c requirements.lock
    #   -r requirements.txt
typer==0.25.1
    # via
    #   -c requirements.lock
    #   huggingface-hub
    #   transformers
typing-extensions==4.15.0
    # via
    #   -c requirements.lock
    #   anyio
    #   beautifulsoup4
    #   cyclonedx-python-lib
    #   exceptiongroup
    #   fastapi
    #   fastmcp-slim
    #   huggingface-hub
    #   mcp
    #   mypy
    #   openai
    #   opentelemetry-api
    #   py-key-value-aio
    #   pydantic
    #   pydantic-core
    #   pytest-asyncio
    #   referencing
    #   sentence-transformers
    #   starlette
    #   torch
    #   typing-inspection
typing-inspection==0.4.2
    # via
    #   -c requirements.lock
    #   fastapi
    #   mcp
    #   pydantic
    #   pydantic-settings
uncalled-for==0.3.2
    # via
    #   -c requirements.lock
    #   fastmcp-slim
urllib3==2.7.0
    # via
    #   -c requirements.lock
    #   requests
uvicorn==0.52.1
    # via
    #   -c requirements.lock
    #   -r requirements.txt
    #   fastmcp-slim
    #   mcp
watchfiles==1.2.0
    # via
    #   -c requirements.lock
    #   fastmcp-slim
wcwidth==0.7.0
    # via
    #   -c requirements.lock
    #   prompt-toolkit
websockets==16.0
    # via
    #   -c requirements.lock
    #   fastmcp-slim
zipp==4.1.0
    # via
    #   -c requirements.lock
    #   importlib-metadata

# The following packages are considered to be unsafe in a requirements file:
pip==26.2.1
    # via
    #   -c requirements.lock
    #   -r requirements.txt
    #   pip-api
setuptools==83.0.0
    # via
    #   -c requirements.lock
    #   -r requirements.txt
    #   torch
